// !$*UTF8*$!
{
	archiveVersion = 1;
	classes = {
	};
	objectVersion = 50;
	objects = {

/* Begin PBXBuildFile section */
		6C42843C23D305F000FD5899 /* YJSpeechSynthesizer.m in Sources */ = {isa = PBXBuildFile; fileRef = 6C42840A23D305EF00FD5899 /* YJSpeechSynthesizer.m */; };
		6C42843D23D305F000FD5899 /* NSAttributedString+YJAttributedString.m in Sources */ = {isa = PBXBuildFile; fileRef = 6C42840D23D305EF00FD5899 /* NSAttributedString+YJAttributedString.m */; };
		6C42843E23D305F000FD5899 /* NSMutableDictionary+YJMutableDictionary.m in Sources */ = {isa = PBXBuildFile; fileRef = 6C42841023D305EF00FD5899 /* NSMutableDictionary+YJMutableDictionary.m */; };
		6C42843F23D305F000FD5899 /* NSNotificationCenter+YJNotificationCenter.m in Sources */ = {isa = PBXBuildFile; fileRef = 6C42841423D305EF00FD5899 /* NSNotificationCenter+YJNotificationCenter.m */; };
		6C42844023D305F000FD5899 /* NSDictionary+YJDictionary.m in Sources */ = {isa = PBXBuildFile; fileRef = 6C42841623D305EF00FD5899 /* NSDictionary+YJDictionary.m */; };
		6C42844123D305F000FD5899 /* NSURL+YJURL.m in Sources */ = {isa = PBXBuildFile; fileRef = 6C42841923D305EF00FD5899 /* NSURL+YJURL.m */; };
		6C42844223D305F000FD5899 /* NSTimer+YJTimer.m in Sources */ = {isa = PBXBuildFile; fileRef = 6C42841C23D305EF00FD5899 /* NSTimer+YJTimer.m */; };
		6C42844323D305F000FD5899 /* NSBundle+YJBundle.m in Sources */ = {isa = PBXBuildFile; fileRef = 6C42841F23D305EF00FD5899 /* NSBundle+YJBundle.m */; };
		6C42844423D305F000FD5899 /* NSData+YJData.m in Sources */ = {isa = PBXBuildFile; fileRef = 6C42842223D305EF00FD5899 /* NSData+YJData.m */; };
		6C42844523D305F000FD5899 /* NSDate+YJDate.m in Sources */ = {isa = PBXBuildFile; fileRef = 6C42842623D305EF00FD5899 /* NSDate+YJDate.m */; };
		6C42844623D305F000FD5899 /* NSArray+YJArray.m in Sources */ = {isa = PBXBuildFile; fileRef = 6C42842823D305EF00FD5899 /* NSArray+YJArray.m */; };
		6C42844723D305F000FD5899 /* NSFileManager+YJFileManager.m in Sources */ = {isa = PBXBuildFile; fileRef = 6C42842B23D305EF00FD5899 /* NSFileManager+YJFileManager.m */; };
		6C42844823D305F000FD5899 /* NSNumber+YJNumber.m in Sources */ = {isa = PBXBuildFile; fileRef = 6C42842F23D305EF00FD5899 /* NSNumber+YJNumber.m */; };
		6C42844923D305F000FD5899 /* NSString+YJString.m in Sources */ = {isa = PBXBuildFile; fileRef = 6C42843223D305EF00FD5899 /* NSString+YJString.m */; };
		6C42844A23D305F000FD5899 /* NSMutableArray+YJMutableArray.m in Sources */ = {isa = PBXBuildFile; fileRef = 6C42843523D305EF00FD5899 /* NSMutableArray+YJMutableArray.m */; };
		6C42844B23D305F000FD5899 /* NSMutableAttributedString+YJMutableAttributedString.m in Sources */ = {isa = PBXBuildFile; fileRef = 6C42843823D305EF00FD5899 /* NSMutableAttributedString+YJMutableAttributedString.m */; };
		6C42844C23D305F000FD5899 /* YJLanguageManager.m in Sources */ = {isa = PBXBuildFile; fileRef = 6C42843A23D305EF00FD5899 /* YJLanguageManager.m */; };
		6C65ED3223CD895E00768C68 /* AppDelegate.m in Sources */ = {isa = PBXBuildFile; fileRef = 6C65ED3123CD895E00768C68 /* AppDelegate.m */; };
		6C65ED3523CD895E00768C68 /* ViewController.m in Sources */ = {isa = PBXBuildFile; fileRef = 6C65ED3423CD895E00768C68 /* ViewController.m */; };
		6C65ED3A23CD896100768C68 /* Assets.xcassets in Resources */ = {isa = PBXBuildFile; fileRef = 6C65ED3923CD896100768C68 /* Assets.xcassets */; };
		6C65ED4023CD896100768C68 /* main.m in Sources */ = {isa = PBXBuildFile; fileRef = 6C65ED3F23CD896100768C68 /* main.m */; };
/* End PBXBuildFile section */

/* Begin PBXFileReference section */
		6C42840723D305EF00FD5899 /* YJFoundation.h */ = {isa = PBXFileReference; fileEncoding = 4; lastKnownFileType = sourcecode.c.h; path = YJFoundation.h; sourceTree = "<group>"; };
		6C42840923D305EF00FD5899 /* YJSpeechSynthesizer.h */ = {isa = PBXFileReference; fileEncoding = 4; lastKnownFileType = sourcecode.c.h; path = YJSpeechSynthesizer.h; sourceTree = "<group>"; };
		6C42840A23D305EF00FD5899 /* YJSpeechSynthesizer.m */ = {isa = PBXFileReference; fileEncoding = 4; lastKnownFileType = sourcecode.c.objc; path = YJSpeechSynthesizer.m; sourceTree = "<group>"; };
		6C42840D23D305EF00FD5899 /* NSAttributedString+YJAttributedString.m */ = {isa = PBXFileReference; fileEncoding = 4; lastKnownFileType = sourcecode.c.objc; path = "NSAttributedString+YJAttributedString.m"; sourceTree = "<group>"; };
		6C42840E23D305EF00FD5899 /* NSAttributedString+YJAttributedString.h */ = {isa = PBXFileReference; fileEncoding = 4; lastKnownFileType = sourcecode.c.h; path = "NSAttributedString+YJAttributedString.h"; sourceTree = "<group>"; };
		6C42841023D305EF00FD5899 /* NSMutableDictionary+YJMutableDictionary.m */ = {isa = PBXFileReference; fileEncoding = 4; lastKnownFileType = sourcecode.c.objc; path = "NSMutableDictionary+YJMutableDictionary.m"; sourceTree = "<group>"; };
		6C42841123D305EF00FD5899 /* NSMutableDictionary+YJMutableDictionary.h */ = {isa = PBXFileReference; fileEncoding = 4; lastKnownFileType = sourcecode.c.h; path = "NSMutableDictionary+YJMutableDictionary.h"; sourceTree = "<group>"; };
		6C42841323D305EF00FD5899 /* NSNotificationCenter+YJNotificationCenter.h */ = {isa = PBXFileReference; fileEncoding = 4; lastKnownFileType = sourcecode.c.h; path = "NSNotificationCenter+YJNotificationCenter.h"; sourceTree = "<group>"; };
		6C42841423D305EF00FD5899 /* NSNotificationCenter+YJNotificationCenter.m */ = {isa = PBXFileReference; fileEncoding = 4; lastKnownFileType = sourcecode.c.objc; path = "NSNotificationCenter+YJNotificationCenter.m"; sourceTree = "<group>"; };
		6C42841623D305EF00FD5899 /* NSDictionary+YJDictionary.m */ = {isa = PBXFileReference; fileEncoding = 4; lastKnownFileType = sourcecode.c.objc; path = "NSDictionary+YJDictionary.m"; sourceTree = "<group>"; };
		6C42841723D305EF00FD5899 /* NSDictionary+YJDictionary.h */ = {isa = PBXFileReference; fileEncoding = 4; lastKnownFileType = sourcecode.c.h; path = "NSDictionary+YJDictionary.h"; sourceTree = "<group>"; };
		6C42841923D305EF00FD5899 /* NSURL+YJURL.m */ = {isa = PBXFileReference; fileEncoding = 4; lastKnownFileType = sourcecode.c.objc; path = "NSURL+YJURL.m"; sourceTree = "<group>"; };
		6C42841A23D305EF00FD5899 /* NSURL+YJURL.h */ = {isa = PBXFileReference; fileEncoding = 4; lastKnownFileType = sourcecode.c.h; path = "NSURL+YJURL.h"; sourceTree = "<group>"; };
		6C42841C23D305EF00FD5899 /* NSTimer+YJTimer.m */ = {isa = PBXFileReference; fileEncoding = 4; lastKnownFileType = sourcecode.c.objc; path = "NSTimer+YJTimer.m"; sourceTree = "<group>"; };
		6C42841D23D305EF00FD5899 /* NSTimer+YJTimer.h */ = {isa = PBXFileReference; fileEncoding = 4; lastKnownFileType = sourcecode.c.h; path = "NSTimer+YJTimer.h"; sourceTree = "<group>"; };
		6C42841F23D305EF00FD5899 /* NSBundle+YJBundle.m */ = {isa = PBXFileReference; fileEncoding = 4; lastKnownFileType = sourcecode.c.objc; path = "NSBundle+YJBundle.m"; sourceTree = "<group>"; };
		6C42842023D305EF00FD5899 /* NSBundle+YJBundle.h */ = {isa = PBXFileReference; fileEncoding = 4; lastKnownFileType = sourcecode.c.h; path = "NSBundle+YJBundle.h"; sourceTree = "<group>"; };
		6C42842223D305EF00FD5899 /* NSData+YJData.m */ = {isa = PBXFileReference; fileEncoding = 4; lastKnownFileType = sourcecode.c.objc; path = "NSData+YJData.m"; sourceTree = "<group>"; };
		6C42842323D305EF00FD5899 /* NSData+YJData.h */ = {isa = PBXFileReference; fileEncoding = 4; lastKnownFileType = sourcecode.c.h; path = "NSData+YJData.h"; sourceTree = "<group>"; };
		6C42842523D305EF00FD5899 /* NSDate+YJDate.h */ = {isa = PBXFileReference; fileEncoding = 4; lastKnownFileType = sourcecode.c.h; path = "NSDate+YJDate.h"; sourceTree = "<group>"; };
		6C42842623D305EF00FD5899 /* NSDate+YJDate.m */ = {isa = PBXFileReference; fileEncoding = 4; lastKnownFileType = sourcecode.c.objc; path = "NSDate+YJDate.m"; sourceTree = "<group>"; };
		6C42842823D305EF00FD5899 /* NSArray+YJArray.m */ = {isa = PBXFileReference; fileEncoding = 4; lastKnownFileType = sourcecode.c.objc; path = "NSArray+YJArray.m"; sourceTree = "<group>"; };
		6C42842923D305EF00FD5899 /* NSArray+YJArray.h */ = {isa = PBXFileReference; fileEncoding = 4; lastKnownFileType = sourcecode.c.h; path = "NSArray+YJArray.h"; sourceTree = "<group>"; };
		6C42842B23D305EF00FD5899 /* NSFileManager+YJFileManager.m */ = {isa = PBXFileReference; fileEncoding = 4; lastKnownFileType = sourcecode.c.objc; path = "NSFileManager+YJFileManager.m"; sourceTree = "<group>"; };
		6C42842C23D305EF00FD5899 /* NSFileManager+YJFileManager.h */ = {isa = PBXFileReference; fileEncoding = 4; lastKnownFileType = sourcecode.c.h; path = "NSFileManager+YJFileManager.h"; sourceTree = "<group>"; };
		6C42842E23D305EF00FD5899 /* NSNumber+YJNumber.h */ = {isa = PBXFileReference; fileEncoding = 4; lastKnownFileType = sourcecode.c.h; path = "NSNumber+YJNumber.h"; sourceTree = "<group>"; };
		6C42842F23D305EF00FD5899 /* NSNumber+YJNumber.m */ = {isa = PBXFileReference; fileEncoding = 4; lastKnownFileType = sourcecode.c.objc; path = "NSNumber+YJNumber.m"; sourceTree = "<group>"; };
		6C42843123D305EF00FD5899 /* NSString+YJString.h */ = {isa = PBXFileReference; fileEncoding = 4; lastKnownFileType = sourcecode.c.h; path = "NSString+YJString.h"; sourceTree = "<group>"; };
		6C42843223D305EF00FD5899 /* NSString+YJString.m */ = {isa = PBXFileReference; fileEncoding = 4; lastKnownFileType = sourcecode.c.objc; path = "NSString+YJString.m"; sourceTree = "<group>"; };
		6C42843423D305EF00FD5899 /* NSMutableArray+YJMutableArray.h */ = {isa = PBXFileReference; fileEncoding = 4; lastKnownFileType = sourcecode.c.h; path = "NSMutableArray+YJMutableArray.h"; sourceTree = "<group>"; };
		6C42843523D305EF00FD5899 /* NSMutableArray+YJMutableArray.m */ = {isa = PBXFileReference; fileEncoding = 4; lastKnownFileType = sourcecode.c.objc; path = "NSMutableArray+YJMutableArray.m"; sourceTree = "<group>"; };
		6C42843723D305EF00FD5899 /* NSMutableAttributedString+YJMutableAttributedString.h */ = {isa = PBXFileReference; fileEncoding = 4; lastKnownFileType = sourcecode.c.h; path = "NSMutableAttributedString+YJMutableAttributedString.h"; sourceTree = "<group>"; };
		6C42843823D305EF00FD5899 /* NSMutableAttributedString+YJMutableAttributedString.m */ = {isa = PBXFileReference; fileEncoding = 4; lastKnownFileType = sourcecode.c.objc; path = "NSMutableAttributedString+YJMutableAttributedString.m"; sourceTree = "<group>"; };
		6C42843A23D305EF00FD5899 /* YJLanguageManager.m */ = {isa = PBXFileReference; fileEncoding = 4; lastKnownFileType = sourcecode.c.objc; path = YJLanguageManager.m; sourceTree = "<group>"; };
		6C42843B23D305EF00FD5899 /* YJLanguageManager.h */ = {isa = PBXFileReference; fileEncoding = 4; lastKnownFileType = sourcecode.c.h; path = YJLanguageManager.h; sourceTree = "<group>"; };
		6C65ED2D23CD895E00768C68 /* YJFoundationDemo.app */ = {isa = PBXFileReference; explicitFileType = wrapper.application; includeInIndex = 0; path = YJFoundationDemo.app; sourceTree = BUILT_PRODUCTS_DIR; };
		6C65ED3023CD895E00768C68 /* AppDelegate.h */ = {isa = PBXFileReference; lastKnownFileType = sourcecode.c.h; path = AppDelegate.h; sourceTree = "<group>"; };
		6C65ED3123CD895E00768C68 /* AppDelegate.m */ = {isa = PBXFileReference; lastKnownFileType = sourcecode.c.objc; path = AppDelegate.m; sourceTree = "<group>"; };
		6C65ED3323CD895E00768C68 /* ViewController.h */ = {isa = PBXFileReference; lastKnownFileType = sourcecode.c.h; path = ViewController.h; sourceTree = "<group>"; };
		6C65ED3423CD895E00768C68 /* ViewController.m */ = {isa = PBXFileReference; lastKnownFileType = sourcecode.c.objc; path = ViewController.m; sourceTree = "<group>"; };
		6C65ED3923CD896100768C68 /* Assets.xcassets */ = {isa = PBXFileReference; lastKnownFileType = folder.assetcatalog; path = Assets.xcassets; sourceTree = "<group>"; };
		6C65ED3E23CD896100768C68 /* Info.plist */ = {isa = PBXFileReference; lastKnownFileType = text.plist.xml; path = Info.plist; sourceTree = "<group>"; };
		6C65ED3F23CD896100768C68 /* main.m */ = {isa = PBXFileReference; lastKnownFileType = sourcecode.c.objc; path = main.m; sourceTree = "<group>"; };
		6C65ED4A23CD8C6500768C68 /* PrefixHeader.pch */ = {isa = PBXFileReference; lastKnownFileType = sourcecode.c.h; path = PrefixHeader.pch; sourceTree = "<group>"; };
/* End PBXFileReference section */

/* Begin PBXFrameworksBuildPhase section */
		6C65ED2A23CD895E00768C68 /* Frameworks */ = {
			isa = PBXFrameworksBuildPhase;
			buildActionMask = 2147483647;
			files = (
			);
			runOnlyForDeploymentPostprocessing = 0;
		};
/* End PBXFrameworksBuildPhase section */

/* Begin PBXGroup section */
		6C42840623D305EF00FD5899 /* YJFoundation */ = {
			isa = PBXGroup;
			children = (
				6C42840723D305EF00FD5899 /* YJFoundation.h */,
				6C42840823D305EF00FD5899 /* YJSpeechSynthesizer */,
				6C42840B23D305EF00FD5899 /* YJFoundation+Category */,
				6C42843923D305EF00FD5899 /* YJLanguageManager */,
			);
			name = YJFoundation;
			path = ../../YJFoundation;
			sourceTree = "<group>";
		};
		6C42840823D305EF00FD5899 /* YJSpeechSynthesizer */ = {
			isa = PBXGroup;
			children = (
				6C42840923D305EF00FD5899 /* YJSpeechSynthesizer.h */,
				6C42840A23D305EF00FD5899 /* YJSpeechSynthesizer.m */,
			);
			path = YJSpeechSynthesizer;
			sourceTree = "<group>";
		};
		6C42840B23D305EF00FD5899 /* YJFoundation+Category */ = {
			isa = PBXGroup;
			children = (
				6C42840C23D305EF00FD5899 /* NSAttributedString+YJAttributedString */,
				6C42840F23D305EF00FD5899 /* NSMutableDictionary+YJMutableDictionary */,
				6C42841223D305EF00FD5899 /* NSNotificationCenter+YJNotificationCenter */,
				6C42841523D305EF00FD5899 /* NSDictionary+YJDictionary */,
				6C42841823D305EF00FD5899 /* NSURL+YJURL */,
				6C42841B23D305EF00FD5899 /* NSTimer+YJTimer */,
				6C42841E23D305EF00FD5899 /* NSBundle+YJBundle */,
				6C42842123D305EF00FD5899 /* NSData+YJData */,
				6C42842423D305EF00FD5899 /* NSDate+YJDate */,
				6C42842723D305EF00FD5899 /* NSArray+YJArray */,
				6C42842A23D305EF00FD5899 /* NSFileManager+YJFileManager */,
				6C42842D23D305EF00FD5899 /* NSNumber+YJNumber */,
				6C42843023D305EF00FD5899 /* NSString+YJString */,
				6C42843323D305EF00FD5899 /* NSMutableArray+YJMutableArray */,
				6C42843623D305EF00FD5899 /* NSMutableAttributedString+YJMutableAttributedString */,
			);
			path = "YJFoundation+Category";
			sourceTree = "<group>";
		};
		6C42840C23D305EF00FD5899 /* NSAttributedString+YJAttributedString */ = {
			isa = PBXGroup;
			children = (
				6C42840D23D305EF00FD5899 /* NSAttributedString+YJAttributedString.m */,
				6C42840E23D305EF00FD5899 /* NSAttributedString+YJAttributedString.h */,
			);
			path = "NSAttributedString+YJAttributedString";
			sourceTree = "<group>";
		};
		6C42840F23D305EF00FD5899 /* NSMutableDictionary+YJMutableDictionary */ = {
			isa = PBXGroup;
			children = (
				6C42841023D305EF00FD5899 /* NSMutableDictionary+YJMutableDictionary.m */,
				6C42841123D305EF00FD5899 /* NSMutableDictionary+YJMutableDictionary.h */,
			);
			path = "NSMutableDictionary+YJMutableDictionary";
			sourceTree = "<group>";
		};
		6C42841223D305EF00FD5899 /* NSNotificationCenter+YJNotificationCenter */ = {
			isa = PBXGroup;
			children = (
				6C42841323D305EF00FD5899 /* NSNotificationCenter+YJNotificationCenter.h */,
				6C42841423D305EF00FD5899 /* NSNotificationCenter+YJNotificationCenter.m */,
			);
			path = "NSNotificationCenter+YJNotificationCenter";
			sourceTree = "<group>";
		};
		6C42841523D305EF00FD5899 /* NSDictionary+YJDictionary */ = {
			isa = PBXGroup;
			children = (
				6C42841623D305EF00FD5899 /* NSDictionary+YJDictionary.m */,
				6C42841723D305EF00FD5899 /* NSDictionary+YJDictionary.h */,
			);
			path = "NSDictionary+YJDictionary";
			sourceTree = "<group>";
		};
		6C42841823D305EF00FD5899 /* NSURL+YJURL */ = {
			isa = PBXGroup;
			children = (
				6C42841923D305EF00FD5899 /* NSURL+YJURL.m */,
				6C42841A23D305EF00FD5899 /* NSURL+YJURL.h */,
			);
			path = "NSURL+YJURL";
			sourceTree = "<group>";
		};
		6C42841B23D305EF00FD5899 /* NSTimer+YJTimer */ = {
			isa = PBXGroup;
			children = (
				6C42841C23D305EF00FD5899 /* NSTimer+YJTimer.m */,
				6C42841D23D305EF00FD5899 /* NSTimer+YJTimer.h */,
			);
			path = "NSTimer+YJTimer";
			sourceTree = "<group>";
		};
		6C42841E23D305EF00FD5899 /* NSBundle+YJBundle */ = {
			isa = PBXGroup;
			children = (
				6C42841F23D305EF00FD5899 /* NSBundle+YJBundle.m */,
				6C42842023D305EF00FD5899 /* NSBundle+YJBundle.h */,
			);
			path = "NSBundle+YJBundle";
			sourceTree = "<group>";
		};
		6C42842123D305EF00FD5899 /* NSData+YJData */ = {
			isa = PBXGroup;
			children = (
				6C42842223D305EF00FD5899 /* NSData+YJData.m */,
				6C42842323D305EF00FD5899 /* NSData+YJData.h */,
			);
			path = "NSData+YJData";
			sourceTree = "<group>";
		};
		6C42842423D305EF00FD5899 /* NSDate+YJDate */ = {
			isa = PBXGroup;
			children = (
				6C42842523D305EF00FD5899 /* NSDate+YJDate.h */,
				6C42842623D305EF00FD5899 /* NSDate+YJDate.m */,
			);
			path = "NSDate+YJDate";
			sourceTree = "<group>";
		};
		6C42842723D305EF00FD5899 /* NSArray+YJArray */ = {
			isa = PBXGroup;
			children = (
				6C42842823D305EF00FD5899 /* NSArray+YJArray.m */,
				6C42842923D305EF00FD5899 /* NSArray+YJArray.h */,
			);
			path = "NSArray+YJArray";
			sourceTree = "<group>";
		};
		6C42842A23D305EF00FD5899 /* NSFileManager+YJFileManager */ = {
			isa = PBXGroup;
			children = (
				6C42842B23D305EF00FD5899 /* NSFileManager+YJFileManager.m */,
				6C42842C23D305EF00FD5899 /* NSFileManager+YJFileManager.h */,
			);
			path = "NSFileManager+YJFileManager";
			sourceTree = "<group>";
		};
		6C42842D23D305EF00FD5899 /* NSNumber+YJNumber */ = {
			isa = PBXGroup;
			children = (
				6C42842E23D305EF00FD5899 /* NSNumber+YJNumber.h */,
				6C42842F23D305EF00FD5899 /* NSNumber+YJNumber.m */,
			);
			path = "NSNumber+YJNumber";
			sourceTree = "<group>";
		};
		6C42843023D305EF00FD5899 /* NSString+YJString */ = {
			isa = PBXGroup;
			children = (
				6C42843123D305EF00FD5899 /* NSString+YJString.h */,
				6C42843223D305EF00FD5899 /* NSString+YJString.m */,
			);
			path = "NSString+YJString";
			sourceTree = "<group>";
		};
		6C42843323D305EF00FD5899 /* NSMutableArray+YJMutableArray */ = {
			isa = PBXGroup;
			children = (
				6C42843423D305EF00FD5899 /* NSMutableArray+YJMutableArray.h */,
				6C42843523D305EF00FD5899 /* NSMutableArray+YJMutableArray.m */,
			);
			path = "NSMutableArray+YJMutableArray";
			sourceTree = "<group>";
		};
		6C42843623D305EF00FD5899 /* NSMutableAttributedString+YJMutableAttributedString */ = {
			isa = PBXGroup;
			children = (
				6C42843723D305EF00FD5899 /* NSMutableAttributedString+YJMutableAttributedString.h */,
				6C42843823D305EF00FD5899 /* NSMutableAttributedString+YJMutableAttributedString.m */,
			);
			path = "NSMutableAttributedString+YJMutableAttributedString";
			sourceTree = "<group>";
		};
		6C42843923D305EF00FD5899 /* YJLanguageManager */ = {
			isa = PBXGroup;
			children = (
				6C42843A23D305EF00FD5899 /* YJLanguageManager.m */,
				6C42843B23D305EF00FD5899 /* YJLanguageManager.h */,
			);
			path = YJLanguageManager;
			sourceTree = "<group>";
		};
		6C65ED2423CD895E00768C68 = {
			isa = PBXGroup;
			children = (
				6C65ED2F23CD895E00768C68 /* YJFoundationDemo */,
				6C65ED2E23CD895E00768C68 /* Products */,
			);
			sourceTree = "<group>";
		};
		6C65ED2E23CD895E00768C68 /* Products */ = {
			isa = PBXGroup;
			children = (
				6C65ED2D23CD895E00768C68 /* YJFoundationDemo.app */,
			);
			name = Products;
			sourceTree = "<group>";
		};
		6C65ED2F23CD895E00768C68 /* YJFoundationDemo */ = {
			isa = PBXGroup;
			children = (
				6C42840623D305EF00FD5899 /* YJFoundation */,
				6C65ED4723CD8ABB00768C68 /* AppDelegates */,
				6C65ED4623CD8AB700768C68 /* Resource */,
			);
			path = YJFoundationDemo;
			sourceTree = "<group>";
		};
		6C65ED4623CD8AB700768C68 /* Resource */ = {
			isa = PBXGroup;
			children = (
				6C65ED3923CD896100768C68 /* Assets.xcassets */,
				6C65ED3E23CD896100768C68 /* Info.plist */,
				6C65ED3F23CD896100768C68 /* main.m */,
				6C65ED4A23CD8C6500768C68 /* PrefixHeader.pch */,
			);
			path = Resource;
			sourceTree = "<group>";
		};
		6C65ED4723CD8ABB00768C68 /* AppDelegates */ = {
			isa = PBXGroup;
			children = (
				6C65ED3023CD895E00768C68 /* AppDelegate.h */,
				6C65ED3123CD895E00768C68 /* AppDelegate.m */,
				6C65ED3323CD895E00768C68 /* ViewController.h */,
				6C65ED3423CD895E00768C68 /* ViewController.m */,
			);
			path = AppDelegates;
			sourceTree = "<group>";
		};
/* End PBXGroup section */

/* Begin PBXNativeTarget section */
		6C65ED2C23CD895E00768C68 /* YJFoundationDemo */ = {
			isa = PBXNativeTarget;
			buildConfigurationList = 6C65ED4323CD896100768C68 /* Build configuration list for PBXNativeTarget "YJFoundationDemo" */;
			buildPhases = (
				6C65ED2923CD895E00768C68 /* Sources */,
				6C65ED2A23CD895E00768C68 /* Frameworks */,
				6C65ED2B23CD895E00768C68 /* Resources */,
			);
			buildRules = (
			);
			dependencies = (
			);
			name = YJFoundationDemo;
			productName = YJFoundationDemo;
			productReference = 6C65ED2D23CD895E00768C68 /* YJFoundationDemo.app */;
			productType = "com.apple.product-type.application";
		};
/* End PBXNativeTarget section */

/* Begin PBXProject section */
		6C65ED2523CD895E00768C68 /* Project object */ = {
			isa = PBXProject;
			attributes = {
				LastUpgradeCheck = 1020;
				ORGANIZATIONNAME = Moyejin;
				TargetAttributes = {
					6C65ED2C23CD895E00768C68 = {
						CreatedOnToolsVersion = 10.2.1;
					};
				};
			};
			buildConfigurationList = 6C65ED2823CD895E00768C68 /* Build configuration list for PBXProject "YJFoundationDemo" */;
			compatibilityVersion = "Xcode 9.3";
			developmentRegion = en;
			hasScannedForEncodings = 0;
			knownRegions = (
				en,
				Base,
			);
			mainGroup = 6C65ED2423CD895E00768C68;
			productRefGroup = 6C65ED2E23CD895E00768C68 /* Products */;
			projectDirPath = "";
			projectRoot = "";
			targets = (
				6C65ED2C23CD895E00768C68 /* YJFoundationDemo */,
			);
		};
/* End PBXProject section */

/* Begin PBXResourcesBuildPhase section */
		6C65ED2B23CD895E00768C68 /* Resources */ = {
			isa = PBXResourcesBuildPhase;
			buildActionMask = 2147483647;
			files = (
				6C65ED3A23CD896100768C68 /* Assets.xcassets in Resources */,
			);
			runOnlyForDeploymentPostprocessing = 0;
		};
/* End PBXResourcesBuildPhase section */

/* Begin PBXSourcesBuildPhase section */
		6C65ED2923CD895E00768C68 /* Sources */ = {
			isa = PBXSourcesBuildPhase;
			buildActionMask = 2147483647;
			files = (
				6C42844B23D305F000FD5899 /* NSMutableAttributedString+YJMutableAttributedString.m in Sources */,
				6C42844323D305F000FD5899 /* NSBundle+YJBundle.m in Sources */,
				6C42844623D305F000FD5899 /* NSArray+YJArray.m in Sources */,
				6C42844423D305F000FD5899 /* NSData+YJData.m in Sources */,
				6C42844C23D305F000FD5899 /* YJLanguageManager.m in Sources */,
				6C65ED3523CD895E00768C68 /* ViewController.m in Sources */,
				6C42844523D305F000FD5899 /* NSDate+YJDate.m in Sources */,
				6C42844023D305F000FD5899 /* NSDictionary+YJDictionary.m in Sources */,
				6C42843E23D305F000FD5899 /* NSMutableDictionary+YJMutableDictionary.m in Sources */,
				6C42843D23D305F000FD5899 /* NSAttributedString+YJAttributedString.m in Sources */,
				6C42844123D305F000FD5899 /* NSURL+YJURL.m in Sources */,
				6C42844223D305F000FD5899 /* NSTimer+YJTimer.m in Sources */,
				6C65ED4023CD896100768C68 /* main.m in Sources */,
				6C42843F23D305F000FD5899 /* NSNotificationCenter+YJNotificationCenter.m in Sources */,
				6C65ED3223CD895E00768C68 /* AppDelegate.m in Sources */,
				6C42844723D305F000FD5899 /* NSFileManager+YJFileManager.m in Sources */,
				6C42843C23D305F000FD5899 /* YJSpeechSynthesizer.m in Sources */,
				6C42844A23D305F000FD5899 /* NSMutableArray+YJMutableArray.m in Sources */,
				6C42844823D305F000FD5899 /* NSNumber+YJNumber.m in Sources */,
				6C42844923D305F000FD5899 /* NSString+YJString.m in Sources */,
			);
			runOnlyForDeploymentPostprocessing = 0;
		};
/* End PBXSourcesBuildPhase section */

/* Begin XCBuildConfiguration section */
		6C65ED4123CD896100768C68 /* Debug */ = {
			isa = XCBuildConfiguration;
			buildSettings = {
				ALWAYS_SEARCH_USER_PATHS = NO;
				CLANG_ANALYZER_NONNULL = YES;
				CLANG_ANALYZER_NUMBER_OBJECT_CONVERSION = YES_AGGRESSIVE;
				CLANG_CXX_LANGUAGE_STANDARD = "gnu++14";
				CLANG_CXX_LIBRARY = "libc++";
				CLANG_ENABLE_MODULES = YES;
				CLANG_ENABLE_OBJC_ARC = YES;
				CLANG_ENABLE_OBJC_WEAK = YES;
				CLANG_WARN_BLOCK_CAPTURE_AUTORELEASING = YES;
				CLANG_WARN_BOOL_CONVERSION = YES;
				CLANG_WARN_COMMA = YES;
				CLANG_WARN_CONSTANT_CONVERSION = YES;
				CLANG_WARN_DEPRECATED_OBJC_IMPLEMENTATIONS = YES;
				CLANG_WARN_DIRECT_OBJC_ISA_USAGE = YES_ERROR;
				CLANG_WARN_DOCUMENTATION_COMMENTS = YES;
				CLANG_WARN_EMPTY_BODY = YES;
				CLANG_WARN_ENUM_CONVERSION = YES;
				CLANG_WARN_INFINITE_RECURSION = YES;
				CLANG_WARN_INT_CONVERSION = YES;
				CLANG_WARN_NON_LITERAL_NULL_CONVERSION = YES;
				CLANG_WARN_OBJC_IMPLICIT_RETAIN_SELF = YES;
				CLANG_WARN_OBJC_LITERAL_CONVERSION = YES;
				CLANG_WARN_OBJC_ROOT_CLASS = YES_ERROR;
				CLANG_WARN_RANGE_LOOP_ANALYSIS = YES;
				CLANG_WARN_STRICT_PROTOTYPES = YES;
				CLANG_WARN_SUSPICIOUS_MOVE = YES;
				CLANG_WARN_UNGUARDED_AVAILABILITY = YES_AGGRESSIVE;
				CLANG_WARN_UNREACHABLE_CODE = YES;
				CLANG_WARN__DUPLICATE_METHOD_MATCH = YES;
				CODE_SIGN_IDENTITY = "iPhone Developer";
				COPY_PHASE_STRIP = NO;
				DEBUG_INFORMATION_FORMAT = dwarf;
				ENABLE_STRICT_OBJC_MSGSEND = YES;
				ENABLE_TESTABILITY = YES;
				GCC_C_LANGUAGE_STANDARD = gnu11;
				GCC_DYNAMIC_NO_PIC = NO;
				GCC_NO_COMMON_BLOCKS = YES;
				GCC_OPTIMIZATION_LEVEL = 0;
				GCC_PREPROCESSOR_DEFINITIONS = (
					"DEBUG=1",
					"$(inherited)",
				);
				GCC_WARN_64_TO_32_BIT_CONVERSION = YES;
				GCC_WARN_ABOUT_RETURN_TYPE = YES_ERROR;
				GCC_WARN_UNDECLARED_SELECTOR = YES;
				GCC_WARN_UNINITIALIZED_AUTOS = YES_AGGRESSIVE;
				GCC_WARN_UNUSED_FUNCTION = YES;
				GCC_WARN_UNUSED_VARIABLE = YES;
				IPHONEOS_DEPLOYMENT_TARGET = 12.2;
				MTL_ENABLE_DEBUG_INFO = INCLUDE_SOURCE;
				MTL_FAST_MATH = YES;
				ONLY_ACTIVE_ARCH = YES;
				SDKROOT = iphoneos;
			};
			name = Debug;
		};
		6C65ED4223CD896100768C68 /* Release */ = {
			isa = XCBuildConfiguration;
			buildSettings = {
				ALWAYS_SEARCH_USER_PATHS = NO;
				CLANG_ANALYZER_NONNULL = YES;
				CLANG_ANALYZER_NUMBER_OBJECT_CONVERSION = YES_AGGRESSIVE;
				CLANG_CXX_LANGUAGE_STANDARD = "gnu++14";
				CLANG_CXX_LIBRARY = "libc++";
				CLANG_ENABLE_MODULES = YES;
				CLANG_ENABLE_OBJC_ARC = YES;
				CLANG_ENABLE_OBJC_WEAK = YES;
				CLANG_WARN_BLOCK_CAPTURE_AUTORELEASING = YES;
				CLANG_WARN_BOOL_CONVERSION = YES;
				CLANG_WARN_COMMA = YES;
				CLANG_WARN_CONSTANT_CONVERSION = YES;
				CLANG_WARN_DEPRECATED_OBJC_IMPLEMENTATIONS = YES;
				CLANG_WARN_DIRECT_OBJC_ISA_USAGE = YES_ERROR;
				CLANG_WARN_DOCUMENTATION_COMMENTS = YES;
				CLANG_WARN_EMPTY_BODY = YES;
				CLANG_WARN_ENUM_CONVERSION = YES;
				CLANG_WARN_INFINITE_RECURSION = YES;
				CLANG_WARN_INT_CONVERSION = YES;
				CLANG_WARN_NON_LITERAL_NULL_CONVERSION = YES;
				CLANG_WARN_OBJC_IMPLICIT_RETAIN_SELF = YES;
				CLANG_WARN_OBJC_LITERAL_CONVERSION = YES;
				CLANG_WARN_OBJC_ROOT_CLASS = YES_ERROR;
				CLANG_WARN_RANGE_LOOP_ANALYSIS = YES;
				CLANG_WARN_STRICT_PROTOTYPES = YES;
				CLANG_WARN_SUSPICIOUS_MOVE = YES;
				CLANG_WARN_UNGUARDED_AVAILABILITY = YES_AGGRESSIVE;
				CLANG_WARN_UNREACHABLE_CODE = YES;
				CLANG_WARN__DUPLICATE_METHOD_MATCH = YES;
				CODE_SIGN_IDENTITY = "iPhone Developer";
				COPY_PHASE_STRIP = NO;
				DEBUG_INFORMATION_FORMAT = "dwarf-with-dsym";
				ENABLE_NS_ASSERTIONS = NO;
				ENABLE_STRICT_OBJC_MSGSEND = YES;
				GCC_C_LANGUAGE_STANDARD = gnu11;
				GCC_NO_COMMON_BLOCKS = YES;
				GCC_WARN_64_TO_32_BIT_CONVERSION = YES;
				GCC_WARN_ABOUT_RETURN_TYPE = YES_ERROR;
				GCC_WARN_UNDECLARED_SELECTOR = YES;
				GCC_WARN_UNINITIALIZED_AUTOS = YES_AGGRESSIVE;
				GCC_WARN_UNUSED_FUNCTION = YES;
				GCC_WARN_UNUSED_VARIABLE = YES;
				IPHONEOS_DEPLOYMENT_TARGET = 12.2;
				MTL_ENABLE_DEBUG_INFO = NO;
				MTL_FAST_MATH = YES;
				SDKROOT = iphoneos;
				VALIDATE_PRODUCT = YES;
			};
			name = Release;
		};
		6C65ED4423CD896100768C68 /* Debug */ = {
			isa = XCBuildConfiguration;
			buildSettings = {
				ASSETCATALOG_COMPILER_APPICON_NAME = AppIcon;
				ASSETCATALOG_COMPILER_LAUNCHIMAGE_NAME = LaunchImage;
				CODE_SIGN_STYLE = Automatic;
				COPY_HEADERS_UNIFDEF_FLAGS = "";
				DEVELOPMENT_TEAM = J26ST3TDCL;
				GCC_PREFIX_HEADER = YJFoundationDemo/Resource/PrefixHeader.pch;
				HEADER_SEARCH_PATHS = "";
				INFOPLIST_FILE = YJFoundationDemo/Resource/Info.plist;
				IPHONEOS_DEPLOYMENT_TARGET = 9.0;
				LD_RUNPATH_SEARCH_PATHS = (
					"$(inherited)",
					"@executable_path/Frameworks",
				);
				PRODUCT_BUNDLE_IDENTIFIER = com.estronger.YJFoundationDemo;
				PRODUCT_NAME = "$(TARGET_NAME)";
				TARGETED_DEVICE_FAMILY = "1,2";
			};
			name = Debug;
		};
		6C65ED4523CD896100768C68 /* Release */ = {
			isa = XCBuildConfiguration;
			buildSettings = {
				ASSETCATALOG_COMPILER_APPICON_NAME = AppIcon;
				ASSETCATALOG_COMPILER_LAUNCHIMAGE_NAME = LaunchImage;
				CODE_SIGN_STYLE = Automatic;
				COPY_HEADERS_UNIFDEF_FLAGS = "";
				DEVELOPMENT_TEAM = J26ST3TDCL;
				GCC_PREFIX_HEADER = YJFoundationDemo/Resource/PrefixHeader.pch;
				HEADER_SEARCH_PATHS = "";
				INFOPLIST_FILE = YJFoundationDemo/Resource/Info.plist;
				IPHONEOS_DEPLOYMENT_TARGET = 9.0;
				LD_RUNPATH_SEARCH_PATHS = (
					"$(inherited)",
					"@executable_path/Frameworks",
				);
				PRODUCT_BUNDLE_IDENTIFIER = com.estronger.YJFoundationDemo;
				PRODUCT_NAME = "$(TARGET_NAME)";
				TARGETED_DEVICE_FAMILY = "1,2";
			};
			name = Release;
		};
/* End XCBuildConfiguration section */

/* Begin XCConfigurationList section */
		6C65ED2823CD895E00768C68 /* Build configuration list for PBXProject "YJFoundationDemo" */ = {
			isa = XCConfigurationList;
			buildConfigurations = (
				6C65ED4123CD896100768C68 /* Debug */,
				6C65ED4223CD896100768C68 /* Release */,
			);
			defaultConfigurationIsVisible = 0;
			defaultConfigurationName = Release;
		};
		6C65ED4323CD896100768C68 /* Build configuration list for PBXNativeTarget "YJFoundationDemo" */ = {
			isa = XCConfigurationList;
			buildConfigurations = (
				6C65ED4423CD896100768C68 /* Debug */,
				6C65ED4523CD896100768C68 /* Release */,
			);
			defaultConfigurationIsVisible = 0;
			defaultConfigurationName = Release;
		};
/* End XCConfigurationList section */
	};
	rootObject = 6C65ED2523CD895E00768C68 /* Project object */;
}
